
Microsoft Visual Studio Solution File, Format Version 12.00
# Visual Studio Version 17
VisualStudioVersion = 17.3.32929.385
MinimumVisualStudioVersion = 10.0.40219.1
Project("{FAE04EC0-301F-11D3-BF4B-00C04F79EFBC}") = "MaterialEscola", "MaterialEscola\MaterialEscola.csproj", "{D00150F7-8652-4A77-98D4-8D905D5B1B80}"
EndProject
Project("{FAE04EC0-301F-11D3-BF4B-00C04F79EFBC}") = "Models", "Models\Models.csproj", "{CA8830FF-D50B-4433-B804-A16FAEFD21F0}"
EndProject
Global
	GlobalSection(SolutionConfigurationPlatforms) = preSolution
		Debug|Any CPU = Debug|Any CPU
		Release|Any CPU = Release|Any CPU
	EndGlobalSection
	GlobalSection(ProjectConfigurationPlatforms) = postSolution
		{D00150F7-8652-4A77-98D4-8D905D5B1B80}.Debug|Any CPU.ActiveCfg = Debug|Any CPU
		{D00150F7-8652-4A77-98D4-8D905D5B1B80}.Debug|Any CPU.Build.0 = Debug|Any CPU
		{D00150F7-8652-4A77-98D4-8D905D5B1B80}.Release|Any CPU.ActiveCfg = Release|Any CPU
		{D00150F7-8652-4A77-98D4-8D905D5B1B80}.Release|Any CPU.Build.0 = Release|Any CPU
		{CA8830FF-D50B-4433-B804-A16FAEFD21F0}.Debug|Any CPU.ActiveCfg = Debug|Any CPU
		{CA8830FF-D50B-4433-B804-A16FAEFD21F0}.Debug|Any CPU.Build.0 = Debug|Any CPU
		{CA8830FF-D50B-4433-B804-A16FAEFD21F0}.Release|Any CPU.ActiveCfg = Release|Any CPU
		{CA8830FF-D50B-4433-B804-A16FAEFD21F0}.Release|Any CPU.Build.0 = Release|Any CPU
	EndGlobalSection
	GlobalSection(SolutionProperties) = preSolution
		HideSolutionNode = FALSE
	EndGlobalSection
	GlobalSection(ExtensibilityGlobals) = postSolution
		SolutionGuid = {E2271CE5-AF99-4570-A9D1-F443A870F0B0}
	EndGlobalSection
EndGlobal
